
Microsoft Visual Studio Solution File, Format Version 12.00
# Visual Studio 15
VisualStudioVersion = 15.0.27428.2005
MinimumVisualStudioVersion = 10.0.40219.1
Project("{FAE04EC0-301F-11D3-BF4B-00C04F79EFBC}") = "abstrackclassHW", "abstrackclassHW\abstrackclassHW.csproj", "{5C362B5A-61D1-4F67-8CE8-9858AC84BF2D}"
EndProject
Global
	GlobalSection(SolutionConfigurationPlatforms) = preSolution
		Debug|Any CPU = Debug|Any CPU
		Release|Any CPU = Release|Any CPU
	EndGlobalSection
	GlobalSection(ProjectConfigurationPlatforms) = postSolution
		{5C362B5A-61D1-4F67-8CE8-9858AC84BF2D}.Debug|Any CPU.ActiveCfg = Debug|Any CPU
		{5C362B5A-61D1-4F67-8CE8-9858AC84BF2D}.Debug|Any CPU.Build.0 = Debug|Any CPU
		{5C362B5A-61D1-4F67-8CE8-9858AC84BF2D}.Release|Any CPU.ActiveCfg = Release|Any CPU
		{5C362B5A-61D1-4F67-8CE8-9858AC84BF2D}.Release|Any CPU.Build.0 = Release|Any CPU
	EndGlobalSection
	GlobalSection(SolutionProperties) = preSolution
		HideSolutionNode = FALSE
	EndGlobalSection
	GlobalSection(ExtensibilityGlobals) = postSolution
		SolutionGuid = {9CAB4D5A-6602-4F63-802E-B14E4786E0A9}
	EndGlobalSection
EndGlobal
